
Microsoft Visual Studio Solution File, Format Version 12.00
# Visual Studio 14
VisualStudioVersion = 14.0.24720.0
MinimumVisualStudioVersion = 10.0.40219.1
Project("{FAE04EC0-301F-11D3-BF4B-00C04F79EFBC}") = "XmlBuilder", "XmlBuilder\XmlBuilder.csproj", "{4AB546E2-40D3-404D-B0C0-E7CDF464EB74}"
EndProject
Project("{FAE04EC0-301F-11D3-BF4B-00C04F79EFBC}") = "Tester", "Tester\Tester.csproj", "{A2D4BB30-F5A5-4557-841D-212B203AE110}"
EndProject
Project("{FAE04EC0-301F-11D3-BF4B-00C04F79EFBC}") = "XmlBuilderTests", "XmlBuilderTests\XmlBuilderTests.csproj", "{8084847E-D0AB-4965-A0FA-FC8CD97D9B53}"
EndProject
Global
	GlobalSection(SolutionConfigurationPlatforms) = preSolution
		Debug|Any CPU = Debug|Any CPU
		Debug|ARM = Debug|ARM
		Debug|x64 = Debug|x64
		Debug|x86 = Debug|x86
		Release|Any CPU = Release|Any CPU
		Release|ARM = Release|ARM
		Release|x64 = Release|x64
		Release|x86 = Release|x86
	EndGlobalSection
	GlobalSection(ProjectConfigurationPlatforms) = postSolution
		{4AB546E2-40D3-404D-B0C0-E7CDF464EB74}.Debug|Any CPU.ActiveCfg = Debug|Any CPU
		{4AB546E2-40D3-404D-B0C0-E7CDF464EB74}.Debug|Any CPU.Build.0 = Debug|Any CPU
		{4AB546E2-40D3-404D-B0C0-E7CDF464EB74}.Debug|ARM.ActiveCfg = Debug|Any CPU
		{4AB546E2-40D3-404D-B0C0-E7CDF464EB74}.Debug|ARM.Build.0 = Debug|Any CPU
		{4AB546E2-40D3-404D-B0C0-E7CDF464EB74}.Debug|x64.ActiveCfg = Debug|Any CPU
		{4AB546E2-40D3-404D-B0C0-E7CDF464EB74}.Debug|x64.Build.0 = Debug|Any CPU
		{4AB546E2-40D3-404D-B0C0-E7CDF464EB74}.Debug|x86.ActiveCfg = Debug|Any CPU
		{4AB546E2-40D3-404D-B0C0-E7CDF464EB74}.Debug|x86.Build.0 = Debug|Any CPU
		{4AB546E2-40D3-404D-B0C0-E7CDF464EB74}.Release|Any CPU.ActiveCfg = Release|Any CPU
		{4AB546E2-40D3-404D-B0C0-E7CDF464EB74}.Release|Any CPU.Build.0 = Release|Any CPU
		{4AB546E2-40D3-404D-B0C0-E7CDF464EB74}.Release|ARM.ActiveCfg = Release|Any CPU
		{4AB546E2-40D3-404D-B0C0-E7CDF464EB74}.Release|ARM.Build.0 = Release|Any CPU
		{4AB546E2-40D3-404D-B0C0-E7CDF464EB74}.Release|x64.ActiveCfg = Release|Any CPU
		{4AB546E2-40D3-404D-B0C0-E7CDF464EB74}.Release|x64.Build.0 = Release|Any CPU
		{4AB546E2-40D3-404D-B0C0-E7CDF464EB74}.Release|x86.ActiveCfg = Release|Any CPU
		{4AB546E2-40D3-404D-B0C0-E7CDF464EB74}.Release|x86.Build.0 = Release|Any CPU
		{A2D4BB30-F5A5-4557-841D-212B203AE110}.Debug|Any CPU.ActiveCfg = Debug|Any CPU
		{A2D4BB30-F5A5-4557-841D-212B203AE110}.Debug|Any CPU.Build.0 = Debug|Any CPU
		{A2D4BB30-F5A5-4557-841D-212B203AE110}.Debug|ARM.ActiveCfg = Debug|Any CPU
		{A2D4BB30-F5A5-4557-841D-212B203AE110}.Debug|ARM.Build.0 = Debug|Any CPU
		{A2D4BB30-F5A5-4557-841D-212B203AE110}.Debug|x64.ActiveCfg = Debug|Any CPU
		{A2D4BB30-F5A5-4557-841D-212B203AE110}.Debug|x64.Build.0 = Debug|Any CPU
		{A2D4BB30-F5A5-4557-841D-212B203AE110}.Debug|x86.ActiveCfg = Debug|Any CPU
		{A2D4BB30-F5A5-4557-841D-212B203AE110}.Debug|x86.Build.0 = Debug|Any CPU
		{A2D4BB30-F5A5-4557-841D-212B203AE110}.Release|Any CPU.ActiveCfg = Release|Any CPU
		{A2D4BB30-F5A5-4557-841D-212B203AE110}.Release|Any CPU.Build.0 = Release|Any CPU
		{A2D4BB30-F5A5-4557-841D-212B203AE110}.Release|ARM.ActiveCfg = Release|Any CPU
		{A2D4BB30-F5A5-4557-841D-212B203AE110}.Release|ARM.Build.0 = Release|Any CPU
		{A2D4BB30-F5A5-4557-841D-212B203AE110}.Release|x64.ActiveCfg = Release|Any CPU
		{A2D4BB30-F5A5-4557-841D-212B203AE110}.Release|x64.Build.0 = Release|Any CPU
		{A2D4BB30-F5A5-4557-841D-212B203AE110}.Release|x86.ActiveCfg = Release|Any CPU
		{A2D4BB30-F5A5-4557-841D-212B203AE110}.Release|x86.Build.0 = Release|Any CPU
		{8084847E-D0AB-4965-A0FA-FC8CD97D9B53}.Debug|Any CPU.ActiveCfg = Debug|Any CPU
		{8084847E-D0AB-4965-A0FA-FC8CD97D9B53}.Debug|Any CPU.Build.0 = Debug|Any CPU
		{8084847E-D0AB-4965-A0FA-FC8CD97D9B53}.Debug|ARM.ActiveCfg = Debug|Any CPU
		{8084847E-D0AB-4965-A0FA-FC8CD97D9B53}.Debug|ARM.Build.0 = Debug|Any CPU
		{8084847E-D0AB-4965-A0FA-FC8CD97D9B53}.Debug|x64.ActiveCfg = Debug|Any CPU
		{8084847E-D0AB-4965-A0FA-FC8CD97D9B53}.Debug|x64.Build.0 = Debug|Any CPU
		{8084847E-D0AB-4965-A0FA-FC8CD97D9B53}.Debug|x86.ActiveCfg = Debug|Any CPU
		{8084847E-D0AB-4965-A0FA-FC8CD97D9B53}.Debug|x86.Build.0 = Debug|Any CPU
		{8084847E-D0AB-4965-A0FA-FC8CD97D9B53}.Release|Any CPU.ActiveCfg = Release|Any CPU
		{8084847E-D0AB-4965-A0FA-FC8CD97D9B53}.Release|Any CPU.Build.0 = Release|Any CPU
		{8084847E-D0AB-4965-A0FA-FC8CD97D9B53}.Release|ARM.ActiveCfg = Release|Any CPU
		{8084847E-D0AB-4965-A0FA-FC8CD97D9B53}.Release|ARM.Build.0 = Release|Any CPU
		{8084847E-D0AB-4965-A0FA-FC8CD97D9B53}.Release|x64.ActiveCfg = Release|Any CPU
		{8084847E-D0AB-4965-A0FA-FC8CD97D9B53}.Release|x64.Build.0 = Release|Any CPU
		{8084847E-D0AB-4965-A0FA-FC8CD97D9B53}.Release|x86.ActiveCfg = Release|Any CPU
		{8084847E-D0AB-4965-A0FA-FC8CD97D9B53}.Release|x86.Build.0 = Release|Any CPU
	EndGlobalSection
	GlobalSection(SolutionProperties) = preSolution
		HideSolutionNode = FALSE
	EndGlobalSection
EndGlobal
