
Microsoft Visual Studio Solution File, Format Version 12.00
# Visual Studio 14
VisualStudioVersion = 14.0.23107.0
MinimumVisualStudioVersion = 10.0.40219.1
Project("{FAE04EC0-301F-11D3-BF4B-00C04F79EFBC}") = "MainProject", "MainProject\MainProject.csproj", "{3F4BB834-CBFA-440C-B571-3DA66785435B}"
EndProject
Project("{FAE04EC0-301F-11D3-BF4B-00C04F79EFBC}") = "GeometryFigures", "GeometryFigures\GeometryFigures.csproj", "{C585567C-F6B9-40EA-9853-93A42BFC388E}"
EndProject
Global
	GlobalSection(SolutionConfigurationPlatforms) = preSolution
		Debug|Any CPU = Debug|Any CPU
		Release|Any CPU = Release|Any CPU
	EndGlobalSection
	GlobalSection(ProjectConfigurationPlatforms) = postSolution
		{3F4BB834-CBFA-440C-B571-3DA66785435B}.Debug|Any CPU.ActiveCfg = Debug|Any CPU
		{3F4BB834-CBFA-440C-B571-3DA66785435B}.Debug|Any CPU.Build.0 = Debug|Any CPU
		{3F4BB834-CBFA-440C-B571-3DA66785435B}.Release|Any CPU.ActiveCfg = Release|Any CPU
		{3F4BB834-CBFA-440C-B571-3DA66785435B}.Release|Any CPU.Build.0 = Release|Any CPU
		{C585567C-F6B9-40EA-9853-93A42BFC388E}.Debug|Any CPU.ActiveCfg = Debug|Any CPU
		{C585567C-F6B9-40EA-9853-93A42BFC388E}.Debug|Any CPU.Build.0 = Debug|Any CPU
		{C585567C-F6B9-40EA-9853-93A42BFC388E}.Release|Any CPU.ActiveCfg = Release|Any CPU
		{C585567C-F6B9-40EA-9853-93A42BFC388E}.Release|Any CPU.Build.0 = Release|Any CPU
	EndGlobalSection
	GlobalSection(SolutionProperties) = preSolution
		HideSolutionNode = FALSE
	EndGlobalSection
EndGlobal
