
Microsoft Visual Studio Solution File, Format Version 12.00
# Visual Studio 2013
VisualStudioVersion = 12.0.21005.1
MinimumVisualStudioVersion = 10.0.40219.1
Project("{FAE04EC0-301F-11D3-BF4B-00C04F79EFBC}") = "NumberToListToNumber", "NumberToListToNumber\NumberToListToNumber.csproj", "{BB0DD70F-9691-4C5D-B742-103EB83CCC53}"
EndProject
Project("{FAE04EC0-301F-11D3-BF4B-00C04F79EFBC}") = "IncAndDecr", "IncAndDecr\IncAndDecr.csproj", "{9BDF687C-0084-4714-8258-EABDDE5B20FD}"
EndProject
Project("{FAE04EC0-301F-11D3-BF4B-00C04F79EFBC}") = "ExtremeElements", "ExtremeElements\ExtremeElements.csproj", "{03AC4E1F-0840-4CE0-A747-0D442B929D5F}"
EndProject
Project("{FAE04EC0-301F-11D3-BF4B-00C04F79EFBC}") = "ReverseAString", "ReverseAString\ReverseAString.csproj", "{071A9165-413C-4624-A93D-5141777F1899}"
EndProject
Project("{FAE04EC0-301F-11D3-BF4B-00C04F79EFBC}") = "DecodeAnUrl", "DecodeAnUrl\DecodeAnUrl.csproj", "{65D91087-C9F6-4C26-8E1E-EA8C25E4CFFA}"
EndProject
Project("{FAE04EC0-301F-11D3-BF4B-00C04F79EFBC}") = "Anagrams", "Anagrams\Anagrams.csproj", "{E0998CDB-3652-4B07-AB2C-3048AC4B68C8}"
EndProject
Global
	GlobalSection(SolutionConfigurationPlatforms) = preSolution
		Debug|Any CPU = Debug|Any CPU
		Release|Any CPU = Release|Any CPU
	EndGlobalSection
	GlobalSection(ProjectConfigurationPlatforms) = postSolution
		{BB0DD70F-9691-4C5D-B742-103EB83CCC53}.Debug|Any CPU.ActiveCfg = Debug|Any CPU
		{BB0DD70F-9691-4C5D-B742-103EB83CCC53}.Debug|Any CPU.Build.0 = Debug|Any CPU
		{BB0DD70F-9691-4C5D-B742-103EB83CCC53}.Release|Any CPU.ActiveCfg = Release|Any CPU
		{BB0DD70F-9691-4C5D-B742-103EB83CCC53}.Release|Any CPU.Build.0 = Release|Any CPU
		{9BDF687C-0084-4714-8258-EABDDE5B20FD}.Debug|Any CPU.ActiveCfg = Debug|Any CPU
		{9BDF687C-0084-4714-8258-EABDDE5B20FD}.Debug|Any CPU.Build.0 = Debug|Any CPU
		{9BDF687C-0084-4714-8258-EABDDE5B20FD}.Release|Any CPU.ActiveCfg = Release|Any CPU
		{9BDF687C-0084-4714-8258-EABDDE5B20FD}.Release|Any CPU.Build.0 = Release|Any CPU
		{03AC4E1F-0840-4CE0-A747-0D442B929D5F}.Debug|Any CPU.ActiveCfg = Debug|Any CPU
		{03AC4E1F-0840-4CE0-A747-0D442B929D5F}.Debug|Any CPU.Build.0 = Debug|Any CPU
		{03AC4E1F-0840-4CE0-A747-0D442B929D5F}.Release|Any CPU.ActiveCfg = Release|Any CPU
		{03AC4E1F-0840-4CE0-A747-0D442B929D5F}.Release|Any CPU.Build.0 = Release|Any CPU
		{071A9165-413C-4624-A93D-5141777F1899}.Debug|Any CPU.ActiveCfg = Debug|Any CPU
		{071A9165-413C-4624-A93D-5141777F1899}.Debug|Any CPU.Build.0 = Debug|Any CPU
		{071A9165-413C-4624-A93D-5141777F1899}.Release|Any CPU.ActiveCfg = Release|Any CPU
		{071A9165-413C-4624-A93D-5141777F1899}.Release|Any CPU.Build.0 = Release|Any CPU
		{65D91087-C9F6-4C26-8E1E-EA8C25E4CFFA}.Debug|Any CPU.ActiveCfg = Debug|Any CPU
		{65D91087-C9F6-4C26-8E1E-EA8C25E4CFFA}.Debug|Any CPU.Build.0 = Debug|Any CPU
		{65D91087-C9F6-4C26-8E1E-EA8C25E4CFFA}.Release|Any CPU.ActiveCfg = Release|Any CPU
		{65D91087-C9F6-4C26-8E1E-EA8C25E4CFFA}.Release|Any CPU.Build.0 = Release|Any CPU
		{E0998CDB-3652-4B07-AB2C-3048AC4B68C8}.Debug|Any CPU.ActiveCfg = Debug|Any CPU
		{E0998CDB-3652-4B07-AB2C-3048AC4B68C8}.Debug|Any CPU.Build.0 = Debug|Any CPU
		{E0998CDB-3652-4B07-AB2C-3048AC4B68C8}.Release|Any CPU.ActiveCfg = Release|Any CPU
		{E0998CDB-3652-4B07-AB2C-3048AC4B68C8}.Release|Any CPU.Build.0 = Release|Any CPU
	EndGlobalSection
	GlobalSection(SolutionProperties) = preSolution
		HideSolutionNode = FALSE
	EndGlobalSection
EndGlobal
