
Microsoft Visual Studio Solution File, Format Version 12.00
# Visual Studio 14
VisualStudioVersion = 14.0.24720.0
MinimumVisualStudioVersion = 10.0.40219.1
Project("{FAE04EC0-301F-11D3-BF4B-00C04F79EFBC}") = "FilesAndStreams", "FilesAndStreams\FilesAndStreams.csproj", "{9D6EC6B9-B78F-4A28-B0EA-14DADD944596}"
EndProject
Project("{FAE04EC0-301F-11D3-BF4B-00C04F79EFBC}") = "TestApp", "TestApp\TestApp.csproj", "{2380CE6D-125E-44B2-A404-75D124A87BD0}"
EndProject
Project("{FAE04EC0-301F-11D3-BF4B-00C04F79EFBC}") = "FileEditor", "FileEditor\FileEditor.csproj", "{9F7E5380-B222-4FCA-B2A0-EC25D99B3091}"
EndProject
Global
	GlobalSection(SolutionConfigurationPlatforms) = preSolution
		Debug|Any CPU = Debug|Any CPU
		Release|Any CPU = Release|Any CPU
	EndGlobalSection
	GlobalSection(ProjectConfigurationPlatforms) = postSolution
		{9D6EC6B9-B78F-4A28-B0EA-14DADD944596}.Debug|Any CPU.ActiveCfg = Debug|Any CPU
		{9D6EC6B9-B78F-4A28-B0EA-14DADD944596}.Debug|Any CPU.Build.0 = Debug|Any CPU
		{9D6EC6B9-B78F-4A28-B0EA-14DADD944596}.Release|Any CPU.ActiveCfg = Release|Any CPU
		{9D6EC6B9-B78F-4A28-B0EA-14DADD944596}.Release|Any CPU.Build.0 = Release|Any CPU
		{2380CE6D-125E-44B2-A404-75D124A87BD0}.Debug|Any CPU.ActiveCfg = Debug|Any CPU
		{2380CE6D-125E-44B2-A404-75D124A87BD0}.Debug|Any CPU.Build.0 = Debug|Any CPU
		{2380CE6D-125E-44B2-A404-75D124A87BD0}.Release|Any CPU.ActiveCfg = Release|Any CPU
		{2380CE6D-125E-44B2-A404-75D124A87BD0}.Release|Any CPU.Build.0 = Release|Any CPU
		{9F7E5380-B222-4FCA-B2A0-EC25D99B3091}.Debug|Any CPU.ActiveCfg = Debug|Any CPU
		{9F7E5380-B222-4FCA-B2A0-EC25D99B3091}.Debug|Any CPU.Build.0 = Debug|Any CPU
		{9F7E5380-B222-4FCA-B2A0-EC25D99B3091}.Release|Any CPU.ActiveCfg = Release|Any CPU
		{9F7E5380-B222-4FCA-B2A0-EC25D99B3091}.Release|Any CPU.Build.0 = Release|Any CPU
	EndGlobalSection
	GlobalSection(SolutionProperties) = preSolution
		HideSolutionNode = FALSE
	EndGlobalSection
EndGlobal
